
Microsoft Visual Studio Solution File, Format Version 12.00
# Visual Studio Version 17
VisualStudioVersion = 17.8.34330.188
MinimumVisualStudioVersion = 10.0.40219.1
Project("{FAE04EC0-301F-11D3-BF4B-00C04F79EFBC}") = "Lucky_Casino", "Lucky_Casino\Lucky_Casino.csproj", "{9AEAFDED-4F6E-4874-B107-BB2DF12D254B}"
EndProject
Global
	GlobalSection(SolutionConfigurationPlatforms) = preSolution
		Debug|Any CPU = Debug|Any CPU
		Release|Any CPU = Release|Any CPU
	EndGlobalSection
	GlobalSection(ProjectConfigurationPlatforms) = postSolution
		{9AEAFDED-4F6E-4874-B107-BB2DF12D254B}.Debug|Any CPU.ActiveCfg = Debug|Any CPU
		{9AEAFDED-4F6E-4874-B107-BB2DF12D254B}.Debug|Any CPU.Build.0 = Debug|Any CPU
		{9AEAFDED-4F6E-4874-B107-BB2DF12D254B}.Release|Any CPU.ActiveCfg = Release|Any CPU
		{9AEAFDED-4F6E-4874-B107-BB2DF12D254B}.Release|Any CPU.Build.0 = Release|Any CPU
	EndGlobalSection
	GlobalSection(SolutionProperties) = preSolution
		HideSolutionNode = FALSE
	EndGlobalSection
	GlobalSection(ExtensibilityGlobals) = postSolution
		SolutionGuid = {7B487396-FFC2-4DF8-B8E4-E68ABEA227A0}
	EndGlobalSection
EndGlobal
